// !$*UTF8*$!
{
	archiveVersion = 1;
	classes = {
	};
	objectVersion = 46;
	objects = {

/* Begin PBXBuildFile section */
		40AD31661C9EA1B8003A2A98 /* AppDelegate.swift in Sources */ = {isa = PBXBuildFile; fileRef = 40AD31651C9EA1B8003A2A98 /* AppDelegate.swift */; };
		40AD31681C9EA1B8003A2A98 /* ViewController.swift in Sources */ = {isa = PBXBuildFile; fileRef = 40AD31671C9EA1B8003A2A98 /* ViewController.swift */; };
		40AD316B1C9EA1B8003A2A98 /* Main.storyboard in Resources */ = {isa = PBXBuildFile; fileRef = 40AD31691C9EA1B8003A2A98 /* Main.storyboard */; };
		40AD316D1C9EA1B8003A2A98 /* Assets.xcassets in Resources */ = {isa = PBXBuildFile; fileRef = 40AD316C1C9EA1B8003A2A98 /* Assets.xcassets */; };
		40AD31701C9EA1B8003A2A98 /* LaunchScreen.storyboard in Resources */ = {isa = PBXBuildFile; fileRef = 40AD316E1C9EA1B8003A2A98 /* LaunchScreen.storyboard */; };
/* End PBXBuildFile section */

/* Begin PBXFileReference section */
		40AD31621C9EA1B8003A2A98 /* LittlePrince.app */ = {isa = PBXFileReference; explicitFileType = wrapper.application; includeInIndex = 0; path = LittlePrince.app; sourceTree = BUILT_PRODUCTS_DIR; };
		40AD31651C9EA1B8003A2A98 /* AppDelegate.swift */ = {isa = PBXFileReference; lastKnownFileType = sourcecode.swift; path = AppDelegate.swift; sourceTree = "<group>"; };
		40AD31671C9EA1B8003A2A98 /* ViewController.swift */ = {isa = PBXFileReference; lastKnownFileType = sourcecode.swift; path = ViewController.swift; sourceTree = "<group>"; };
		40AD316A1C9EA1B8003A2A98 /* Base */ = {isa = PBXFileReference; lastKnownFileType = file.storyboard; name = Base; path = Base.lproj/Main.storyboard; sourceTree = "<group>"; };
		40AD316C1C9EA1B8003A2A98 /* Assets.xcassets */ = {isa = PBXFileReference; lastKnownFileType = folder.assetcatalog; path = Assets.xcassets; sourceTree = "<group>"; };
		40AD316F1C9EA1B8003A2A98 /* Base */ = {isa = PBXFileReference; lastKnownFileType = file.storyboard; name = Base; path = Base.lproj/LaunchScreen.storyboard; sourceTree = "<group>"; };
		40AD31711C9EA1B8003A2A98 /* Info.plist */ = {isa = PBXFileReference; lastKnownFileType = text.plist.xml; path = Info.plist; sourceTree = "<group>"; };
/* End PBXFileReference section */

/* Begin PBXFrameworksBuildPhase section */
		40AD315F1C9EA1B8003A2A98 /* Frameworks */ = {
			isa = PBXFrameworksBuildPhase;
			buildActionMask = 2147483647;
			files = (
			);
			runOnlyForDeploymentPostprocessing = 0;
		};
/* End PBXFrameworksBuildPhase section */

/* Begin PBXGroup section */
		40AD31591C9EA1B8003A2A98 = {
			isa = PBXGroup;
			children = (
				40AD31641C9EA1B8003A2A98 /* LittlePrince */,
				40AD31631C9EA1B8003A2A98 /* Products */,
			);
			sourceTree = "<group>";
		};
		40AD31631C9EA1B8003A2A98 /* Products */ = {
			isa = PBXGroup;
			children = (
				40AD31621C9EA1B8003A2A98 /* LittlePrince.app */,
			);
			name = Products;
			sourceTree = "<group>";
		};
		40AD31641C9EA1B8003A2A98 /* LittlePrince */ = {
			isa = PBXGroup;
			children = (
				40AD31651C9EA1B8003A2A98 /* AppDelegate.swift */,
				40AD31671C9EA1B8003A2A98 /* ViewController.swift */,
				40AD31691C9EA1B8003A2A98 /* Main.storyboard */,
				40AD316C1C9EA1B8003A2A98 /* Assets.xcassets */,
				40AD316E1C9EA1B8003A2A98 /* LaunchScreen.storyboard */,
				40AD31711C9EA1B8003A2A98 /* Info.plist */,
			);
			path = LittlePrince;
			sourceTree = "<group>";
		};
/* End PBXGroup section */

/* Begin PBXNativeTarget section */
		40AD31611C9EA1B8003A2A98 /* LittlePrince */ = {
			isa = PBXNativeTarget;
			buildConfigurationList = 40AD31741C9EA1B8003A2A98 /* Build configuration list for PBXNativeTarget "LittlePrince" */;
			buildPhases = (
				40AD315E1C9EA1B8003A2A98 /* Sources */,
				40AD315F1C9EA1B8003A2A98 /* Frameworks */,
				40AD31601C9EA1B8003A2A98 /* Resources */,
			);
			buildRules = (
			);
			dependencies = (
			);
			name = LittlePrince;
			productName = LittlePrince;
			productReference = 40AD31621C9EA1B8003A2A98 /* LittlePrince.app */;
			productType = "com.apple.product-type.application";
		};
/* End PBXNativeTarget section */

/* Begin PBXProject section */
		40AD315A1C9EA1B8003A2A98 /* Project object */ = {
			isa = PBXProject;
			attributes = {
				LastSwiftUpdateCheck = 0720;
				LastUpgradeCheck = 0720;
				ORGANIZATIONNAME = "Wu, Weng-Feng";
				TargetAttributes = {
					40AD31611C9EA1B8003A2A98 = {
						CreatedOnToolsVersion = 7.2;
					};
				};
			};
			buildConfigurationList = 40AD315D1C9EA1B8003A2A98 /* Build configuration list for PBXProject "LittlePrince" */;
			compatibilityVersion = "Xcode 3.2";
			developmentRegion = English;
			hasScannedForEncodings = 0;
			knownRegions = (
				en,
				Base,
			);
			mainGroup = 40AD31591C9EA1B8003A2A98;
			productRefGroup = 40AD31631C9EA1B8003A2A98 /* Products */;
			projectDirPath = "";
			projectRoot = "";
			targets = (
				40AD31611C9EA1B8003A2A98 /* LittlePrince */,
			);
		};
/* End PBXProject section */

/* Begin PBXResourcesBuildPhase section */
		40AD31601C9EA1B8003A2A98 /* Resources */ = {
			isa = PBXResourcesBuildPhase;
			buildActionMask = 2147483647;
			files = (
				40AD31701C9EA1B8003A2A98 /* LaunchScreen.storyboard in Resources */,
				40AD316D1C9EA1B8003A2A98 /* Assets.xcassets in Resources */,
				40AD316B1C9EA1B8003A2A98 /* Main.storyboard in Resources */,
			);
			runOnlyForDeploymentPostprocessing = 0;
		};
/* End PBXResourcesBuildPhase section */

/* Begin PBXSourcesBuildPhase section */
		40AD315E1C9EA1B8003A2A98 /* Sources */ = {
			isa = PBXSourcesBuildPhase;
			buildActionMask = 2147483647;
			files = (
				40AD31681C9EA1B8003A2A98 /* ViewController.swift in Sources */,
				40AD31661C9EA1B8003A2A98 /* AppDelegate.swift in Sources */,
			);
			runOnlyForDeploymentPostprocessing = 0;
		};
/* End PBXSourcesBuildPhase section */

/* Begin PBXVariantGroup section */
		40AD31691C9EA1B8003A2A98 /* Main.storyboard */ = {
			isa = PBXVariantGroup;
			children = (
				40AD316A1C9EA1B8003A2A98 /* Base */,
			);
			name = Main.storyboard;
			sourceTree = "<group>";
		};
		40AD316E1C9EA1B8003A2A98 /* LaunchScreen.storyboard */ = {
			isa = PBXVariantGroup;
			children = (
				40AD316F1C9EA1B8003A2A98 /* Base */,
			);
			name = LaunchScreen.storyboard;
			sourceTree = "<group>";
		};
/* End PBXVariantGroup section */

/* Begin XCBuildConfiguration section */
		40AD31721C9EA1B8003A2A98 /* Debug */ = {
			isa = XCBuildConfiguration;
			buildSettings = {
				ALWAYS_SEARCH_USER_PATHS = NO;
				CLANG_CXX_LANGUAGE_STANDARD = "gnu++0x";
				CLANG_CXX_LIBRARY = "libc++";
				CLANG_ENABLE_MODULES = YES;
				CLANG_ENABLE_OBJC_ARC = YES;
				CLANG_WARN_BOOL_CONVERSION = YES;
				CLANG_WARN_CONSTANT_CONVERSION = YES;
				CLANG_WARN_DIRECT_OBJC_ISA_USAGE = YES_ERROR;
				CLANG_WARN_EMPTY_BODY = YES;
				CLANG_WARN_ENUM_CONVERSION = YES;
				CLANG_WARN_INT_CONVERSION = YES;
				CLANG_WARN_OBJC_ROOT_CLASS = YES_ERROR;
				CLANG_WARN_UNREACHABLE_CODE = YES;
				CLANG_WARN__DUPLICATE_METHOD_MATCH = YES;
				"CODE_SIGN_IDENTITY[sdk=iphoneos*]" = "iPhone Developer";
				COPY_PHASE_STRIP = NO;
				DEBUG_INFORMATION_FORMAT = dwarf;
				ENABLE_STRICT_OBJC_MSGSEND = YES;
				ENABLE_TESTABILITY = YES;
				GCC_C_LANGUAGE_STANDARD = gnu99;
				GCC_DYNAMIC_NO_PIC = NO;
				GCC_NO_COMMON_BLOCKS = YES;
				GCC_OPTIMIZATION_LEVEL = 0;
				GCC_PREPROCESSOR_DEFINITIONS = (
					"DEBUG=1",
					"$(inherited)",
				);
				GCC_WARN_64_TO_32_BIT_CONVERSION = YES;
				GCC_WARN_ABOUT_RETURN_TYPE = YES_ERROR;
				GCC_WARN_UNDECLARED_SELECTOR = YES;
				GCC_WARN_UNINITIALIZED_AUTOS = YES_AGGRESSIVE;
				GCC_WARN_UNUSED_FUNCTION = YES;
				GCC_WARN_UNUSED_VARIABLE = YES;
				IPHONEOS_DEPLOYMENT_TARGET = 9.2;
				MTL_ENABLE_DEBUG_INFO = YES;
				ONLY_ACTIVE_ARCH = YES;
				SDKROOT = iphoneos;
				SWIFT_OPTIMIZATION_LEVEL = "-Onone";
			};
			name = Debug;
		};
		40AD31731C9EA1B8003A2A98 /* Release */ = {
			isa = XCBuildConfiguration;
			buildSettings = {
				ALWAYS_SEARCH_USER_PATHS = NO;
				CLANG_CXX_LANGUAGE_STANDARD = "gnu++0x";
				CLANG_CXX_LIBRARY = "libc++";
				CLANG_ENABLE_MODULES = YES;
				CLANG_ENABLE_OBJC_ARC = YES;
				CLANG_WARN_BOOL_CONVERSION = YES;
				CLANG_WARN_CONSTANT_CONVERSION = YES;
				CLANG_WARN_DIRECT_OBJC_ISA_USAGE = YES_ERROR;
				CLANG_WARN_EMPTY_BODY = YES;
				CLANG_WARN_ENUM_CONVERSION = YES;
				CLANG_WARN_INT_CONVERSION = YES;
				CLANG_WARN_OBJC_ROOT_CLASS = YES_ERROR;
				CLANG_WARN_UNREACHABLE_CODE = YES;
				CLANG_WARN__DUPLICATE_METHOD_MATCH = YES;
				"CODE_SIGN_IDENTITY[sdk=iphoneos*]" = "iPhone Developer";
				COPY_PHASE_STRIP = NO;
				DEBUG_INFORMATION_FORMAT = "dwarf-with-dsym";
				ENABLE_NS_ASSERTIONS = NO;
				ENABLE_STRICT_OBJC_MSGSEND = YES;
				GCC_C_LANGUAGE_STANDARD = gnu99;
				GCC_NO_COMMON_BLOCKS = YES;
				GCC_WARN_64_TO_32_BIT_CONVERSION = YES;
				GCC_WARN_ABOUT_RETURN_TYPE = YES_ERROR;
				GCC_WARN_UNDECLARED_SELECTOR = YES;
				GCC_WARN_UNINITIALIZED_AUTOS = YES_AGGRESSIVE;
				GCC_WARN_UNUSED_FUNCTION = YES;
				GCC_WARN_UNUSED_VARIABLE = YES;
				IPHONEOS_DEPLOYMENT_TARGET = 9.2;
				MTL_ENABLE_DEBUG_INFO = NO;
				SDKROOT = iphoneos;
				VALIDATE_PRODUCT = YES;
			};
			name = Release;
		};
		40AD31751C9EA1B8003A2A98 /* Debug */ = {
			isa = XCBuildConfiguration;
			buildSettings = {
				ASSETCATALOG_COMPILER_APPICON_NAME = AppIcon;
				INFOPLIST_FILE = LittlePrince/Info.plist;
				LD_RUNPATH_SEARCH_PATHS = "$(inherited) @executable_path/Frameworks";
				PRODUCT_BUNDLE_IDENTIFIER = com.peter.LittlePrince;
				PRODUCT_NAME = "$(TARGET_NAME)";
			};
			name = Debug;
		};
		40AD31761C9EA1B8003A2A98 /* Release */ = {
			isa = XCBuildConfiguration;
			buildSettings = {
				ASSETCATALOG_COMPILER_APPICON_NAME = AppIcon;
				INFOPLIST_FILE = LittlePrince/Info.plist;
				LD_RUNPATH_SEARCH_PATHS = "$(inherited) @executable_path/Frameworks";
				PRODUCT_BUNDLE_IDENTIFIER = com.peter.LittlePrince;
				PRODUCT_NAME = "$(TARGET_NAME)";
			};
			name = Release;
		};
/* End XCBuildConfiguration section */

/* Begin XCConfigurationList section */
		40AD315D1C9EA1B8003A2A98 /* Build configuration list for PBXProject "LittlePrince" */ = {
			isa = XCConfigurationList;
			buildConfigurations = (
				40AD31721C9EA1B8003A2A98 /* Debug */,
				40AD31731C9EA1B8003A2A98 /* Release */,
			);
			defaultConfigurationIsVisible = 0;
			defaultConfigurationName = Release;
		};
		40AD31741C9EA1B8003A2A98 /* Build configuration list for PBXNativeTarget "LittlePrince" */ = {
			isa = XCConfigurationList;
			buildConfigurations = (
				40AD31751C9EA1B8003A2A98 /* Debug */,
				40AD31761C9EA1B8003A2A98 /* Release */,
			);
			defaultConfigurationIsVisible = 0;
		};
/* End XCConfigurationList section */
	};
	rootObject = 40AD315A1C9EA1B8003A2A98 /* Project object */;
}
